
Microsoft Visual Studio Solution File, Format Version 12.00
# Visual Studio Version 17
VisualStudioVersion = 17.14.36414.22
MinimumVisualStudioVersion = 10.0.40219.1
Project("{FAE04EC0-301F-11D3-BF4B-00C04F79EFBC}") = "mvc2025TermProject", "mvc2025TermProject\mvc2025TermProject.csproj", "{EFA65F30-21E7-416F-9B85-5163351CF059}"
EndProject
Project("{FAE04EC0-301F-11D3-BF4B-00C04F79EFBC}") = "EmailServices", "EmailServices\EmailServices.csproj", "{313121FC-2F15-4826-95CB-AEE68DA041F7}"
EndProject
Global
	GlobalSection(SolutionConfigurationPlatforms) = preSolution
		Debug|Any CPU = Debug|Any CPU
		Release|Any CPU = Release|Any CPU
	EndGlobalSection
	GlobalSection(ProjectConfigurationPlatforms) = postSolution
		{EFA65F30-21E7-416F-9B85-5163351CF059}.Debug|Any CPU.ActiveCfg = Debug|Any CPU
		{EFA65F30-21E7-416F-9B85-5163351CF059}.Debug|Any CPU.Build.0 = Debug|Any CPU
		{EFA65F30-21E7-416F-9B85-5163351CF059}.Release|Any CPU.ActiveCfg = Release|Any CPU
		{EFA65F30-21E7-416F-9B85-5163351CF059}.Release|Any CPU.Build.0 = Release|Any CPU
		{313121FC-2F15-4826-95CB-AEE68DA041F7}.Debug|Any CPU.ActiveCfg = Debug|Any CPU
		{313121FC-2F15-4826-95CB-AEE68DA041F7}.Debug|Any CPU.Build.0 = Debug|Any CPU
		{313121FC-2F15-4826-95CB-AEE68DA041F7}.Release|Any CPU.ActiveCfg = Release|Any CPU
		{313121FC-2F15-4826-95CB-AEE68DA041F7}.Release|Any CPU.Build.0 = Release|Any CPU
	EndGlobalSection
	GlobalSection(SolutionProperties) = preSolution
		HideSolutionNode = FALSE
	EndGlobalSection
	GlobalSection(ExtensibilityGlobals) = postSolution
		SolutionGuid = {736334B7-99FE-4007-901A-C4892B9D3625}
	EndGlobalSection
EndGlobal
